
Microsoft Visual Studio Solution File, Format Version 12.00
# Visual Studio Version 17
VisualStudioVersion = 17.5.33424.131
MinimumVisualStudioVersion = 10.0.40219.1
Project("{9A19103F-16F7-4668-BE54-9A1E7A4F7556}") = "APIOpenBootcamp", "WebApplication2\APIOpenBootcamp.csproj", "{1363F6E3-D4A8-40BA-89E2-6E15F7F7FDB4}"
EndProject
Global
	GlobalSection(SolutionConfigurationPlatforms) = preSolution
		Debug|Any CPU = Debug|Any CPU
		Release|Any CPU = Release|Any CPU
	EndGlobalSection
	GlobalSection(ProjectConfigurationPlatforms) = postSolution
		{1363F6E3-D4A8-40BA-89E2-6E15F7F7FDB4}.Debug|Any CPU.ActiveCfg = Debug|Any CPU
		{1363F6E3-D4A8-40BA-89E2-6E15F7F7FDB4}.Debug|Any CPU.Build.0 = Debug|Any CPU
		{1363F6E3-D4A8-40BA-89E2-6E15F7F7FDB4}.Release|Any CPU.ActiveCfg = Release|Any CPU
		{1363F6E3-D4A8-40BA-89E2-6E15F7F7FDB4}.Release|Any CPU.Build.0 = Release|Any CPU
	EndGlobalSection
	GlobalSection(SolutionProperties) = preSolution
		HideSolutionNode = FALSE
	EndGlobalSection
	GlobalSection(ExtensibilityGlobals) = postSolution
		SolutionGuid = {9E7C2A16-2FD4-49FE-B70F-73B6DF256420}
	EndGlobalSection
EndGlobal
